// !$*UTF8*$!
{
	archiveVersion = 1;
	classes = {
	};
	objectVersion = 50;
	objects = {

/* Begin PBXBuildFile section */
		156FD2199461CA4E83CF10D1 /* Pods_customLogin_customLoginUITests.framework in Frameworks */ = {isa = PBXBuildFile; fileRef = E242010D4A30938C4BB91D57 /* Pods_customLogin_customLoginUITests.framework */; };
		278AACD4F4D7BA9ABF4CCF1E /* Pods_customLogin.framework in Frameworks */ = {isa = PBXBuildFile; fileRef = 6F9869EB675B77AF7FF27484 /* Pods_customLogin.framework */; };
		4C653D57A94C885CBC3233CE /* Pods_customLoginTests.framework in Frameworks */ = {isa = PBXBuildFile; fileRef = 2A5B2AB4D0D259D615DC2662 /* Pods_customLoginTests.framework */; };
		D6610003253F336100E42061 /* customLoginUITests.swift in Sources */ = {isa = PBXBuildFile; fileRef = D6610002253F336100E42061 /* customLoginUITests.swift */; };
		D6610014253F33E100E42061 /* SignUpViewController.swift in Sources */ = {isa = PBXBuildFile; fileRef = D6610013253F33E100E42061 /* SignUpViewController.swift */; };
		D6610019253F33F600E42061 /* LogInViewController.swift in Sources */ = {isa = PBXBuildFile; fileRef = D6610018253F33F600E42061 /* LogInViewController.swift */; };
		D661001E253F340A00E42061 /* HomeViewController.swift in Sources */ = {isa = PBXBuildFile; fileRef = D661001D253F340A00E42061 /* HomeViewController.swift */; };
		D6610027253F78BE00E42061 /* Utilities.swift in Sources */ = {isa = PBXBuildFile; fileRef = D6610026253F78BE00E42061 /* Utilities.swift */; };
		D6610030253F87CD00E42061 /* GoogleService-Info.plist in Resources */ = {isa = PBXBuildFile; fileRef = D661002F253F87CD00E42061 /* GoogleService-Info.plist */; };
		D661FFE1253F335700E42061 /* AppDelegate.swift in Sources */ = {isa = PBXBuildFile; fileRef = D661FFE0253F335700E42061 /* AppDelegate.swift */; };
		D661FFE3253F335700E42061 /* SceneDelegate.swift in Sources */ = {isa = PBXBuildFile; fileRef = D661FFE2253F335700E42061 /* SceneDelegate.swift */; };
		D661FFE5253F335700E42061 /* ViewController.swift in Sources */ = {isa = PBXBuildFile; fileRef = D661FFE4253F335700E42061 /* ViewController.swift */; };
		D661FFE8253F335700E42061 /* Main.storyboard in Resources */ = {isa = PBXBuildFile; fileRef = D661FFE6253F335700E42061 /* Main.storyboard */; };
		D661FFEA253F336000E42061 /* Assets.xcassets in Resources */ = {isa = PBXBuildFile; fileRef = D661FFE9253F336000E42061 /* Assets.xcassets */; };
		D661FFED253F336000E42061 /* LaunchScreen.storyboard in Resources */ = {isa = PBXBuildFile; fileRef = D661FFEB253F336000E42061 /* LaunchScreen.storyboard */; };
		D661FFF8253F336100E42061 /* customLoginTests.swift in Sources */ = {isa = PBXBuildFile; fileRef = D661FFF7253F336100E42061 /* customLoginTests.swift */; };
/* End PBXBuildFile section */

/* Begin PBXContainerItemProxy section */
		D661FFF4253F336100E42061 /* PBXContainerItemProxy */ = {
			isa = PBXContainerItemProxy;
			containerPortal = D661FFD5253F335700E42061 /* Project object */;
			proxyType = 1;
			remoteGlobalIDString = D661FFDC253F335700E42061;
			remoteInfo = customLogin;
		};
		D661FFFF253F336100E42061 /* PBXContainerItemProxy */ = {
			isa = PBXContainerItemProxy;
			containerPortal = D661FFD5253F335700E42061 /* Project object */;
			proxyType = 1;
			remoteGlobalIDString = D661FFDC253F335700E42061;
			remoteInfo = customLogin;
		};
/* End PBXContainerItemProxy section */

/* Begin PBXFileReference section */
		17D57F5CF6332E6073BECB83 /* Pods-customLoginTests.debug.xcconfig */ = {isa = PBXFileReference; includeInIndex = 1; lastKnownFileType = text.xcconfig; name = "Pods-customLoginTests.debug.xcconfig"; path = "Target Support Files/Pods-customLoginTests/Pods-customLoginTests.debug.xcconfig"; sourceTree = "<group>"; };
		25A0FC3898770F646FA43D74 /* Pods-customLogin.release.xcconfig */ = {isa = PBXFileReference; includeInIndex = 1; lastKnownFileType = text.xcconfig; name = "Pods-customLogin.release.xcconfig"; path = "Target Support Files/Pods-customLogin/Pods-customLogin.release.xcconfig"; sourceTree = "<group>"; };
		2A5B2AB4D0D259D615DC2662 /* Pods_customLoginTests.framework */ = {isa = PBXFileReference; explicitFileType = wrapper.framework; includeInIndex = 0; path = Pods_customLoginTests.framework; sourceTree = BUILT_PRODUCTS_DIR; };
		6F9869EB675B77AF7FF27484 /* Pods_customLogin.framework */ = {isa = PBXFileReference; explicitFileType = wrapper.framework; includeInIndex = 0; path = Pods_customLogin.framework; sourceTree = BUILT_PRODUCTS_DIR; };
		A7880DFADE78703016FFD6C1 /* Pods-customLogin.debug.xcconfig */ = {isa = PBXFileReference; includeInIndex = 1; lastKnownFileType = text.xcconfig; name = "Pods-customLogin.debug.xcconfig"; path = "Target Support Files/Pods-customLogin/Pods-customLogin.debug.xcconfig"; sourceTree = "<group>"; };
		C6E75D7E6E6B18B56447031E /* Pods-customLogin-customLoginUITests.release.xcconfig */ = {isa = PBXFileReference; includeInIndex = 1; lastKnownFileType = text.xcconfig; name = "Pods-customLogin-customLoginUITests.release.xcconfig"; path = "Target Support Files/Pods-customLogin-customLoginUITests/Pods-customLogin-customLoginUITests.release.xcconfig"; sourceTree = "<group>"; };
		D6610002253F336100E42061 /* customLoginUITests.swift */ = {isa = PBXFileReference; lastKnownFileType = sourcecode.swift; path = customLoginUITests.swift; sourceTree = "<group>"; };
		D6610004253F336100E42061 /* Info.plist */ = {isa = PBXFileReference; lastKnownFileType = text.plist.xml; path = Info.plist; sourceTree = "<group>"; };
		D6610013253F33E100E42061 /* SignUpViewController.swift */ = {isa = PBXFileReference; lastKnownFileType = sourcecode.swift; path = SignUpViewController.swift; sourceTree = "<group>"; };
		D6610018253F33F600E42061 /* LogInViewController.swift */ = {isa = PBXFileReference; lastKnownFileType = sourcecode.swift; path = LogInViewController.swift; sourceTree = "<group>"; };
		D661001D253F340A00E42061 /* HomeViewController.swift */ = {isa = PBXFileReference; lastKnownFileType = sourcecode.swift; path = HomeViewController.swift; sourceTree = "<group>"; };
		D6610026253F78BE00E42061 /* Utilities.swift */ = {isa = PBXFileReference; fileEncoding = 4; lastKnownFileType = sourcecode.swift; path = Utilities.swift; sourceTree = "<group>"; };
		D661002F253F87CD00E42061 /* GoogleService-Info.plist */ = {isa = PBXFileReference; fileEncoding = 4; lastKnownFileType = text.plist.xml; path = "GoogleService-Info.plist"; sourceTree = "<group>"; };
		D661FFDD253F335700E42061 /* customLogin.app */ = {isa = PBXFileReference; explicitFileType = wrapper.application; includeInIndex = 0; path = customLogin.app; sourceTree = BUILT_PRODUCTS_DIR; };
		D661FFE0253F335700E42061 /* AppDelegate.swift */ = {isa = PBXFileReference; lastKnownFileType = sourcecode.swift; path = AppDelegate.swift; sourceTree = "<group>"; };
		D661FFE2253F335700E42061 /* SceneDelegate.swift */ = {isa = PBXFileReference; lastKnownFileType = sourcecode.swift; path = SceneDelegate.swift; sourceTree = "<group>"; };
		D661FFE4253F335700E42061 /* ViewController.swift */ = {isa = PBXFileReference; lastKnownFileType = sourcecode.swift; path = ViewController.swift; sourceTree = "<group>"; };
		D661FFE7253F335700E42061 /* Base */ = {isa = PBXFileReference; lastKnownFileType = file.storyboard; name = Base; path = Base.lproj/Main.storyboard; sourceTree = "<group>"; };
		D661FFE9253F336000E42061 /* Assets.xcassets */ = {isa = PBXFileReference; lastKnownFileType = folder.assetcatalog; path = Assets.xcassets; sourceTree = "<group>"; };
		D661FFEC253F336000E42061 /* Base */ = {isa = PBXFileReference; lastKnownFileType = file.storyboard; name = Base; path = Base.lproj/LaunchScreen.storyboard; sourceTree = "<group>"; };
		D661FFEE253F336000E42061 /* Info.plist */ = {isa = PBXFileReference; lastKnownFileType = text.plist.xml; path = Info.plist; sourceTree = "<group>"; };
		D661FFF3253F336100E42061 /* customLoginTests.xctest */ = {isa = PBXFileReference; explicitFileType = wrapper.cfbundle; includeInIndex = 0; path = customLoginTests.xctest; sourceTree = BUILT_PRODUCTS_DIR; };
		D661FFF7253F336100E42061 /* customLoginTests.swift */ = {isa = PBXFileReference; lastKnownFileType = sourcecode.swift; path = customLoginTests.swift; sourceTree = "<group>"; };
		D661FFF9253F336100E42061 /* Info.plist */ = {isa = PBXFileReference; lastKnownFileType = text.plist.xml; path = Info.plist; sourceTree = "<group>"; };
		D661FFFE253F336100E42061 /* customLoginUITests.xctest */ = {isa = PBXFileReference; explicitFileType = wrapper.cfbundle; includeInIndex = 0; path = customLoginUITests.xctest; sourceTree = BUILT_PRODUCTS_DIR; };
		E121E2F5D092483DB65D3429 /* Pods-customLogin-customLoginUITests.debug.xcconfig */ = {isa = PBXFileReference; includeInIndex = 1; lastKnownFileType = text.xcconfig; name = "Pods-customLogin-customLoginUITests.debug.xcconfig"; path = "Target Support Files/Pods-customLogin-customLoginUITests/Pods-customLogin-customLoginUITests.debug.xcconfig"; sourceTree = "<group>"; };
		E242010D4A30938C4BB91D57 /* Pods_customLogin_customLoginUITests.framework */ = {isa = PBXFileReference; explicitFileType = wrapper.framework; includeInIndex = 0; path = Pods_customLogin_customLoginUITests.framework; sourceTree = BUILT_PRODUCTS_DIR; };
		E410554CB6A064505D87FF16 /* Pods-customLoginTests.release.xcconfig */ = {isa = PBXFileReference; includeInIndex = 1; lastKnownFileType = text.xcconfig; name = "Pods-customLoginTests.release.xcconfig"; path = "Target Support Files/Pods-customLoginTests/Pods-customLoginTests.release.xcconfig"; sourceTree = "<group>"; };
/* End PBXFileReference section */

/* Begin PBXFrameworksBuildPhase section */
		D661FFDA253F335700E42061 /* Frameworks */ = {
			isa = PBXFrameworksBuildPhase;
			buildActionMask = 2147483647;
			files = (
				278AACD4F4D7BA9ABF4CCF1E /* Pods_customLogin.framework in Frameworks */,
			);
			runOnlyForDeploymentPostprocessing = 0;
		};
		D661FFF0253F336100E42061 /* Frameworks */ = {
			isa = PBXFrameworksBuildPhase;
			buildActionMask = 2147483647;
			files = (
				4C653D57A94C885CBC3233CE /* Pods_customLoginTests.framework in Frameworks */,
			);
			runOnlyForDeploymentPostprocessing = 0;
		};
		D661FFFB253F336100E42061 /* Frameworks */ = {
			isa = PBXFrameworksBuildPhase;
			buildActionMask = 2147483647;
			files = (
				156FD2199461CA4E83CF10D1 /* Pods_customLogin_customLoginUITests.framework in Frameworks */,
			);
			runOnlyForDeploymentPostprocessing = 0;
		};
/* End PBXFrameworksBuildPhase section */

/* Begin PBXGroup section */
		4D7B87B051F57B42A98386AA /* Frameworks */ = {
			isa = PBXGroup;
			children = (
				6F9869EB675B77AF7FF27484 /* Pods_customLogin.framework */,
				E242010D4A30938C4BB91D57 /* Pods_customLogin_customLoginUITests.framework */,
				2A5B2AB4D0D259D615DC2662 /* Pods_customLoginTests.framework */,
			);
			name = Frameworks;
			sourceTree = "<group>";
		};
		D6610001253F336100E42061 /* customLoginUITests */ = {
			isa = PBXGroup;
			children = (
				D6610002253F336100E42061 /* customLoginUITests.swift */,
				D6610004253F336100E42061 /* Info.plist */,
			);
			path = customLoginUITests;
			sourceTree = "<group>";
		};
		D6610022253F342300E42061 /* View Controllers */ = {
			isa = PBXGroup;
			children = (
				D661FFE4253F335700E42061 /* ViewController.swift */,
				D6610013253F33E100E42061 /* SignUpViewController.swift */,
				D6610018253F33F600E42061 /* LogInViewController.swift */,
				D661001D253F340A00E42061 /* HomeViewController.swift */,
			);
			path = "View Controllers";
			sourceTree = "<group>";
		};
		D661002B253F78C400E42061 /* Helpers */ = {
			isa = PBXGroup;
			children = (
				D6610026253F78BE00E42061 /* Utilities.swift */,
			);
			path = Helpers;
			sourceTree = "<group>";
		};
		D661FFD4253F335700E42061 = {
			isa = PBXGroup;
			children = (
				D661FFDF253F335700E42061 /* customLogin */,
				D661FFF6253F336100E42061 /* customLoginTests */,
				D6610001253F336100E42061 /* customLoginUITests */,
				D661FFDE253F335700E42061 /* Products */,
				F50CAA6A28348C547EB82FED /* Pods */,
				4D7B87B051F57B42A98386AA /* Frameworks */,
			);
			sourceTree = "<group>";
		};
		D661FFDE253F335700E42061 /* Products */ = {
			isa = PBXGroup;
			children = (
				D661FFDD253F335700E42061 /* customLogin.app */,
				D661FFF3253F336100E42061 /* customLoginTests.xctest */,
				D661FFFE253F336100E42061 /* customLoginUITests.xctest */,
			);
			name = Products;
			sourceTree = "<group>";
		};
		D661FFDF253F335700E42061 /* customLogin */ = {
			isa = PBXGroup;
			children = (
				D661FFE0253F335700E42061 /* AppDelegate.swift */,
				D661FFE2253F335700E42061 /* SceneDelegate.swift */,
				D661002B253F78C400E42061 /* Helpers */,
				D6610022253F342300E42061 /* View Controllers */,
				D661FFE6253F335700E42061 /* Main.storyboard */,
				D661FFE9253F336000E42061 /* Assets.xcassets */,
				D661FFEB253F336000E42061 /* LaunchScreen.storyboard */,
				D661002F253F87CD00E42061 /* GoogleService-Info.plist */,
				D661FFEE253F336000E42061 /* Info.plist */,
			);
			path = customLogin;
			sourceTree = "<group>";
		};
		D661FFF6253F336100E42061 /* customLoginTests */ = {
			isa = PBXGroup;
			children = (
				D661FFF7253F336100E42061 /* customLoginTests.swift */,
				D661FFF9253F336100E42061 /* Info.plist */,
			);
			path = customLoginTests;
			sourceTree = "<group>";
		};
		F50CAA6A28348C547EB82FED /* Pods */ = {
			isa = PBXGroup;
			children = (
				A7880DFADE78703016FFD6C1 /* Pods-customLogin.debug.xcconfig */,
				25A0FC3898770F646FA43D74 /* Pods-customLogin.release.xcconfig */,
				E121E2F5D092483DB65D3429 /* Pods-customLogin-customLoginUITests.debug.xcconfig */,
				C6E75D7E6E6B18B56447031E /* Pods-customLogin-customLoginUITests.release.xcconfig */,
				17D57F5CF6332E6073BECB83 /* Pods-customLoginTests.debug.xcconfig */,
				E410554CB6A064505D87FF16 /* Pods-customLoginTests.release.xcconfig */,
			);
			name = Pods;
			path = Pods;
			sourceTree = "<group>";
		};
/* End PBXGroup section */

/* Begin PBXNativeTarget section */
		D661FFDC253F335700E42061 /* customLogin */ = {
			isa = PBXNativeTarget;
			buildConfigurationList = D6610007253F336100E42061 /* Build configuration list for PBXNativeTarget "customLogin" */;
			buildPhases = (
				42818F61A4EAE67E28E9AA91 /* [CP] Check Pods Manifest.lock */,
				D661FFD9253F335700E42061 /* Sources */,
				D661FFDA253F335700E42061 /* Frameworks */,
				D661FFDB253F335700E42061 /* Resources */,
				BD57A403255DE01168876360 /* [CP] Embed Pods Frameworks */,
			);
			buildRules = (
			);
			dependencies = (
			);
			name = customLogin;
			productName = customLogin;
			productReference = D661FFDD253F335700E42061 /* customLogin.app */;
			productType = "com.apple.product-type.application";
		};
		D661FFF2253F336100E42061 /* customLoginTests */ = {
			isa = PBXNativeTarget;
			buildConfigurationList = D661000A253F336100E42061 /* Build configuration list for PBXNativeTarget "customLoginTests" */;
			buildPhases = (
				118607F4466745D73BF43018 /* [CP] Check Pods Manifest.lock */,
				D661FFEF253F336100E42061 /* Sources */,
				D661FFF0253F336100E42061 /* Frameworks */,
				D661FFF1253F336100E42061 /* Resources */,
			);
			buildRules = (
			);
			dependencies = (
				D661FFF5253F336100E42061 /* PBXTargetDependency */,
			);
			name = customLoginTests;
			productName = customLoginTests;
			productReference = D661FFF3253F336100E42061 /* customLoginTests.xctest */;
			productType = "com.apple.product-type.bundle.unit-test";
		};
		D661FFFD253F336100E42061 /* customLoginUITests */ = {
			isa = PBXNativeTarget;
			buildConfigurationList = D661000D253F336100E42061 /* Build configuration list for PBXNativeTarget "customLoginUITests" */;
			buildPhases = (
				A96F0991DD4DB79C32202C45 /* [CP] Check Pods Manifest.lock */,
				D661FFFA253F336100E42061 /* Sources */,
				D661FFFB253F336100E42061 /* Frameworks */,
				D661FFFC253F336100E42061 /* Resources */,
				5E71E7B967350A4EE2569222 /* [CP] Embed Pods Frameworks */,
			);
			buildRules = (
			);
			dependencies = (
				D6610000253F336100E42061 /* PBXTargetDependency */,
			);
			name = customLoginUITests;
			productName = customLoginUITests;
			productReference = D661FFFE253F336100E42061 /* customLoginUITests.xctest */;
			productType = "com.apple.product-type.bundle.ui-testing";
		};
/* End PBXNativeTarget section */

/* Begin PBXProject section */
		D661FFD5253F335700E42061 /* Project object */ = {
			isa = PBXProject;
			attributes = {
				LastSwiftUpdateCheck = 1200;
				LastUpgradeCheck = 1200;
				TargetAttributes = {
					D661FFDC253F335700E42061 = {
						CreatedOnToolsVersion = 12.0.1;
					};
					D661FFF2253F336100E42061 = {
						CreatedOnToolsVersion = 12.0.1;
						TestTargetID = D661FFDC253F335700E42061;
					};
					D661FFFD253F336100E42061 = {
						CreatedOnToolsVersion = 12.0.1;
						TestTargetID = D661FFDC253F335700E42061;
					};
				};
			};
			buildConfigurationList = D661FFD8253F335700E42061 /* Build configuration list for PBXProject "customLogin" */;
			compatibilityVersion = "Xcode 9.3";
			developmentRegion = en;
			hasScannedForEncodings = 0;
			knownRegions = (
				en,
				Base,
			);
			mainGroup = D661FFD4253F335700E42061;
			productRefGroup = D661FFDE253F335700E42061 /* Products */;
			projectDirPath = "";
			projectRoot = "";
			targets = (
				D661FFDC253F335700E42061 /* customLogin */,
				D661FFF2253F336100E42061 /* customLoginTests */,
				D661FFFD253F336100E42061 /* customLoginUITests */,
			);
		};
/* End PBXProject section */

/* Begin PBXResourcesBuildPhase section */
		D661FFDB253F335700E42061 /* Resources */ = {
			isa = PBXResourcesBuildPhase;
			buildActionMask = 2147483647;
			files = (
				D661FFED253F336000E42061 /* LaunchScreen.storyboard in Resources */,
				D6610030253F87CD00E42061 /* GoogleService-Info.plist in Resources */,
				D661FFEA253F336000E42061 /* Assets.xcassets in Resources */,
				D661FFE8253F335700E42061 /* Main.storyboard in Resources */,
			);
			runOnlyForDeploymentPostprocessing = 0;
		};
		D661FFF1253F336100E42061 /* Resources */ = {
			isa = PBXResourcesBuildPhase;
			buildActionMask = 2147483647;
			files = (
			);
			runOnlyForDeploymentPostprocessing = 0;
		};
		D661FFFC253F336100E42061 /* Resources */ = {
			isa = PBXResourcesBuildPhase;
			buildActionMask = 2147483647;
			files = (
			);
			runOnlyForDeploymentPostprocessing = 0;
		};
/* End PBXResourcesBuildPhase section */

/* Begin PBXShellScriptBuildPhase section */
		118607F4466745D73BF43018 /* [CP] Check Pods Manifest.lock */ = {
			isa = PBXShellScriptBuildPhase;
			buildActionMask = 2147483647;
			files = (
			);
			inputFileListPaths = (
			);
			inputPaths = (
				"${PODS_PODFILE_DIR_PATH}/Podfile.lock",
				"${PODS_ROOT}/Manifest.lock",
			);
			name = "[CP] Check Pods Manifest.lock";
			outputFileListPaths = (
			);
			outputPaths = (
				"$(DERIVED_FILE_DIR)/Pods-customLoginTests-checkManifestLockResult.txt",
			);
			runOnlyForDeploymentPostprocessing = 0;
			shellPath = /bin/sh;
			shellScript = "diff \"${PODS_PODFILE_DIR_PATH}/Podfile.lock\" \"${PODS_ROOT}/Manifest.lock\" > /dev/null\nif [ $? != 0 ] ; then\n    # print error to STDERR\n    echo \"error: The sandbox is not in sync with the Podfile.lock. Run 'pod install' or update your CocoaPods installation.\" >&2\n    exit 1\nfi\n# This output is used by Xcode 'outputs' to avoid re-running this script phase.\necho \"SUCCESS\" > \"${SCRIPT_OUTPUT_FILE_0}\"\n";
			showEnvVarsInLog = 0;
		};
		42818F61A4EAE67E28E9AA91 /* [CP] Check Pods Manifest.lock */ = {
			isa = PBXShellScriptBuildPhase;
			buildActionMask = 2147483647;
			files = (
			);
			inputFileListPaths = (
			);
			inputPaths = (
				"${PODS_PODFILE_DIR_PATH}/Podfile.lock",
				"${PODS_ROOT}/Manifest.lock",
			);
			name = "[CP] Check Pods Manifest.lock";
			outputFileListPaths = (
			);
			outputPaths = (
				"$(DERIVED_FILE_DIR)/Pods-customLogin-checkManifestLockResult.txt",
			);
			runOnlyForDeploymentPostprocessing = 0;
			shellPath = /bin/sh;
			shellScript = "diff \"${PODS_PODFILE_DIR_PATH}/Podfile.lock\" \"${PODS_ROOT}/Manifest.lock\" > /dev/null\nif [ $? != 0 ] ; then\n    # print error to STDERR\n    echo \"error: The sandbox is not in sync with the Podfile.lock. Run 'pod install' or update your CocoaPods installation.\" >&2\n    exit 1\nfi\n# This output is used by Xcode 'outputs' to avoid re-running this script phase.\necho \"SUCCESS\" > \"${SCRIPT_OUTPUT_FILE_0}\"\n";
			showEnvVarsInLog = 0;
		};
		5E71E7B967350A4EE2569222 /* [CP] Embed Pods Frameworks */ = {
			isa = PBXShellScriptBuildPhase;
			buildActionMask = 2147483647;
			files = (
			);
			inputFileListPaths = (
				"${PODS_ROOT}/Target Support Files/Pods-customLogin-customLoginUITests/Pods-customLogin-customLoginUITests-frameworks-${CONFIGURATION}-input-files.xcfilelist",
			);
			name = "[CP] Embed Pods Frameworks";
			outputFileListPaths = (
				"${PODS_ROOT}/Target Support Files/Pods-customLogin-customLoginUITests/Pods-customLogin-customLoginUITests-frameworks-${CONFIGURATION}-output-files.xcfilelist",
			);
			runOnlyForDeploymentPostprocessing = 0;
			shellPath = /bin/sh;
			shellScript = "\"${PODS_ROOT}/Target Support Files/Pods-customLogin-customLoginUITests/Pods-customLogin-customLoginUITests-frameworks.sh\"\n";
			showEnvVarsInLog = 0;
		};
		A96F0991DD4DB79C32202C45 /* [CP] Check Pods Manifest.lock */ = {
			isa = PBXShellScriptBuildPhase;
			buildActionMask = 2147483647;
			files = (
			);
			inputFileListPaths = (
			);
			inputPaths = (
				"${PODS_PODFILE_DIR_PATH}/Podfile.lock",
				"${PODS_ROOT}/Manifest.lock",
			);
			name = "[CP] Check Pods Manifest.lock";
			outputFileListPaths = (
			);
			outputPaths = (
				"$(DERIVED_FILE_DIR)/Pods-customLogin-customLoginUITests-checkManifestLockResult.txt",
			);
			runOnlyForDeploymentPostprocessing = 0;
			shellPath = /bin/sh;
			shellScript = "diff \"${PODS_PODFILE_DIR_PATH}/Podfile.lock\" \"${PODS_ROOT}/Manifest.lock\" > /dev/null\nif [ $? != 0 ] ; then\n    # print error to STDERR\n    echo \"error: The sandbox is not in sync with the Podfile.lock. Run 'pod install' or update your CocoaPods installation.\" >&2\n    exit 1\nfi\n# This output is used by Xcode 'outputs' to avoid re-running this script phase.\necho \"SUCCESS\" > \"${SCRIPT_OUTPUT_FILE_0}\"\n";
			showEnvVarsInLog = 0;
		};
		BD57A403255DE01168876360 /* [CP] Embed Pods Frameworks */ = {
			isa = PBXShellScriptBuildPhase;
			buildActionMask = 2147483647;
			files = (
			);
			inputFileListPaths = (
				"${PODS_ROOT}/Target Support Files/Pods-customLogin/Pods-customLogin-frameworks-${CONFIGURATION}-input-files.xcfilelist",
			);
			name = "[CP] Embed Pods Frameworks";
			outputFileListPaths = (
				"${PODS_ROOT}/Target Support Files/Pods-customLogin/Pods-customLogin-frameworks-${CONFIGURATION}-output-files.xcfilelist",
			);
			runOnlyForDeploymentPostprocessing = 0;
			shellPath = /bin/sh;
			shellScript = "\"${PODS_ROOT}/Target Support Files/Pods-customLogin/Pods-customLogin-frameworks.sh\"\n";
			showEnvVarsInLog = 0;
		};
/* End PBXShellScriptBuildPhase section */

/* Begin PBXSourcesBuildPhase section */
		D661FFD9253F335700E42061 /* Sources */ = {
			isa = PBXSourcesBuildPhase;
			buildActionMask = 2147483647;
			files = (
				D661FFE5253F335700E42061 /* ViewController.swift in Sources */,
				D661FFE1253F335700E42061 /* AppDelegate.swift in Sources */,
				D6610027253F78BE00E42061 /* Utilities.swift in Sources */,
				D6610014253F33E100E42061 /* SignUpViewController.swift in Sources */,
				D6610019253F33F600E42061 /* LogInViewController.swift in Sources */,
				D661FFE3253F335700E42061 /* SceneDelegate.swift in Sources */,
				D661001E253F340A00E42061 /* HomeViewController.swift in Sources */,
			);
			runOnlyForDeploymentPostprocessing = 0;
		};
		D661FFEF253F336100E42061 /* Sources */ = {
			isa = PBXSourcesBuildPhase;
			buildActionMask = 2147483647;
			files = (
				D661FFF8253F336100E42061 /* customLoginTests.swift in Sources */,
			);
			runOnlyForDeploymentPostprocessing = 0;
		};
		D661FFFA253F336100E42061 /* Sources */ = {
			isa = PBXSourcesBuildPhase;
			buildActionMask = 2147483647;
			files = (
				D6610003253F336100E42061 /* customLoginUITests.swift in Sources */,
			);
			runOnlyForDeploymentPostprocessing = 0;
		};
/* End PBXSourcesBuildPhase section */

/* Begin PBXTargetDependency section */
		D6610000253F336100E42061 /* PBXTargetDependency */ = {
			isa = PBXTargetDependency;
			target = D661FFDC253F335700E42061 /* customLogin */;
			targetProxy = D661FFFF253F336100E42061 /* PBXContainerItemProxy */;
		};
		D661FFF5253F336100E42061 /* PBXTargetDependency */ = {
			isa = PBXTargetDependency;
			target = D661FFDC253F335700E42061 /* customLogin */;
			targetProxy = D661FFF4253F336100E42061 /* PBXContainerItemProxy */;
		};
/* End PBXTargetDependency section */

/* Begin PBXVariantGroup section */
		D661FFE6253F335700E42061 /* Main.storyboard */ = {
			isa = PBXVariantGroup;
			children = (
				D661FFE7253F335700E42061 /* Base */,
			);
			name = Main.storyboard;
			sourceTree = "<group>";
		};
		D661FFEB253F336000E42061 /* LaunchScreen.storyboard */ = {
			isa = PBXVariantGroup;
			children = (
				D661FFEC253F336000E42061 /* Base */,
			);
			name = LaunchScreen.storyboard;
			sourceTree = "<group>";
		};
/* End PBXVariantGroup section */

/* Begin XCBuildConfiguration section */
		D6610005253F336100E42061 /* Debug */ = {
			isa = XCBuildConfiguration;
			buildSettings = {
				ALWAYS_SEARCH_USER_PATHS = NO;
				CLANG_ANALYZER_NONNULL = YES;
				CLANG_ANALYZER_NUMBER_OBJECT_CONVERSION = YES_AGGRESSIVE;
				CLANG_CXX_LANGUAGE_STANDARD = "gnu++14";
				CLANG_CXX_LIBRARY = "libc++";
				CLANG_ENABLE_MODULES = YES;
				CLANG_ENABLE_OBJC_ARC = YES;
				CLANG_ENABLE_OBJC_WEAK = YES;
				CLANG_WARN_BLOCK_CAPTURE_AUTORELEASING = YES;
				CLANG_WARN_BOOL_CONVERSION = YES;
				CLANG_WARN_COMMA = YES;
				CLANG_WARN_CONSTANT_CONVERSION = YES;
				CLANG_WARN_DEPRECATED_OBJC_IMPLEMENTATIONS = YES;
				CLANG_WARN_DIRECT_OBJC_ISA_USAGE = YES_ERROR;
				CLANG_WARN_DOCUMENTATION_COMMENTS = YES;
				CLANG_WARN_EMPTY_BODY = YES;
				CLANG_WARN_ENUM_CONVERSION = YES;
				CLANG_WARN_INFINITE_RECURSION = YES;
				CLANG_WARN_INT_CONVERSION = YES;
				CLANG_WARN_NON_LITERAL_NULL_CONVERSION = YES;
				CLANG_WARN_OBJC_IMPLICIT_RETAIN_SELF = YES;
				CLANG_WARN_OBJC_LITERAL_CONVERSION = YES;
				CLANG_WARN_OBJC_ROOT_CLASS = YES_ERROR;
				CLANG_WARN_QUOTED_INCLUDE_IN_FRAMEWORK_HEADER = YES;
				CLANG_WARN_RANGE_LOOP_ANALYSIS = YES;
				CLANG_WARN_STRICT_PROTOTYPES = YES;
				CLANG_WARN_SUSPICIOUS_MOVE = YES;
				CLANG_WARN_UNGUARDED_AVAILABILITY = YES_AGGRESSIVE;
				CLANG_WARN_UNREACHABLE_CODE = YES;
				CLANG_WARN__DUPLICATE_METHOD_MATCH = YES;
				COPY_PHASE_STRIP = NO;
				DEBUG_INFORMATION_FORMAT = dwarf;
				ENABLE_STRICT_OBJC_MSGSEND = YES;
				ENABLE_TESTABILITY = YES;
				GCC_C_LANGUAGE_STANDARD = gnu11;
				GCC_DYNAMIC_NO_PIC = NO;
				GCC_NO_COMMON_BLOCKS = YES;
				GCC_OPTIMIZATION_LEVEL = 0;
				GCC_PREPROCESSOR_DEFINITIONS = (
					"DEBUG=1",
					"$(inherited)",
				);
				GCC_WARN_64_TO_32_BIT_CONVERSION = YES;
				GCC_WARN_ABOUT_RETURN_TYPE = YES_ERROR;
				GCC_WARN_UNDECLARED_SELECTOR = YES;
				GCC_WARN_UNINITIALIZED_AUTOS = YES_AGGRESSIVE;
				GCC_WARN_UNUSED_FUNCTION = YES;
				GCC_WARN_UNUSED_VARIABLE = YES;
				IPHONEOS_DEPLOYMENT_TARGET = 14.0;
				MTL_ENABLE_DEBUG_INFO = INCLUDE_SOURCE;
				MTL_FAST_MATH = YES;
				ONLY_ACTIVE_ARCH = YES;
				SDKROOT = iphoneos;
				SWIFT_ACTIVE_COMPILATION_CONDITIONS = DEBUG;
				SWIFT_OPTIMIZATION_LEVEL = "-Onone";
			};
			name = Debug;
		};
		D6610006253F336100E42061 /* Release */ = {
			isa = XCBuildConfiguration;
			buildSettings = {
				ALWAYS_SEARCH_USER_PATHS = NO;
				CLANG_ANALYZER_NONNULL = YES;
				CLANG_ANALYZER_NUMBER_OBJECT_CONVERSION = YES_AGGRESSIVE;
				CLANG_CXX_LANGUAGE_STANDARD = "gnu++14";
				CLANG_CXX_LIBRARY = "libc++";
				CLANG_ENABLE_MODULES = YES;
				CLANG_ENABLE_OBJC_ARC = YES;
				CLANG_ENABLE_OBJC_WEAK = YES;
				CLANG_WARN_BLOCK_CAPTURE_AUTORELEASING = YES;
				CLANG_WARN_BOOL_CONVERSION = YES;
				CLANG_WARN_COMMA = YES;
				CLANG_WARN_CONSTANT_CONVERSION = YES;
				CLANG_WARN_DEPRECATED_OBJC_IMPLEMENTATIONS = YES;
				CLANG_WARN_DIRECT_OBJC_ISA_USAGE = YES_ERROR;
				CLANG_WARN_DOCUMENTATION_COMMENTS = YES;
				CLANG_WARN_EMPTY_BODY = YES;
				CLANG_WARN_ENUM_CONVERSION = YES;
				CLANG_WARN_INFINITE_RECURSION = YES;
				CLANG_WARN_INT_CONVERSION = YES;
				CLANG_WARN_NON_LITERAL_NULL_CONVERSION = YES;
				CLANG_WARN_OBJC_IMPLICIT_RETAIN_SELF = YES;
				CLANG_WARN_OBJC_LITERAL_CONVERSION = YES;
				CLANG_WARN_OBJC_ROOT_CLASS = YES_ERROR;
				CLANG_WARN_QUOTED_INCLUDE_IN_FRAMEWORK_HEADER = YES;
				CLANG_WARN_RANGE_LOOP_ANALYSIS = YES;
				CLANG_WARN_STRICT_PROTOTYPES = YES;
				CLANG_WARN_SUSPICIOUS_MOVE = YES;
				CLANG_WARN_UNGUARDED_AVAILABILITY = YES_AGGRESSIVE;
				CLANG_WARN_UNREACHABLE_CODE = YES;
				CLANG_WARN__DUPLICATE_METHOD_MATCH = YES;
				COPY_PHASE_STRIP = NO;
				DEBUG_INFORMATION_FORMAT = "dwarf-with-dsym";
				ENABLE_NS_ASSERTIONS = NO;
				ENABLE_STRICT_OBJC_MSGSEND = YES;
				GCC_C_LANGUAGE_STANDARD = gnu11;
				GCC_NO_COMMON_BLOCKS = YES;
				GCC_WARN_64_TO_32_BIT_CONVERSION = YES;
				GCC_WARN_ABOUT_RETURN_TYPE = YES_ERROR;
				GCC_WARN_UNDECLARED_SELECTOR = YES;
				GCC_WARN_UNINITIALIZED_AUTOS = YES_AGGRESSIVE;
				GCC_WARN_UNUSED_FUNCTION = YES;
				GCC_WARN_UNUSED_VARIABLE = YES;
				IPHONEOS_DEPLOYMENT_TARGET = 14.0;
				MTL_ENABLE_DEBUG_INFO = NO;
				MTL_FAST_MATH = YES;
				SDKROOT = iphoneos;
				SWIFT_COMPILATION_MODE = wholemodule;
				SWIFT_OPTIMIZATION_LEVEL = "-O";
				VALIDATE_PRODUCT = YES;
			};
			name = Release;
		};
		D6610008253F336100E42061 /* Debug */ = {
			isa = XCBuildConfiguration;
			baseConfigurationReference = A7880DFADE78703016FFD6C1 /* Pods-customLogin.debug.xcconfig */;
			buildSettings = {
				ASSETCATALOG_COMPILER_APPICON_NAME = AppIcon;
				ASSETCATALOG_COMPILER_GLOBAL_ACCENT_COLOR_NAME = AccentColor;
				CODE_SIGN_STYLE = Automatic;
				DEVELOPMENT_TEAM = RNKYF793SX;
				INFOPLIST_FILE = customLogin/Info.plist;
				LD_RUNPATH_SEARCH_PATHS = (
					"$(inherited)",
					"@executable_path/Frameworks",
				);
				PRODUCT_BUNDLE_IDENTIFIER = com.midbyte.customLogin;
				PRODUCT_NAME = "$(TARGET_NAME)";
				SWIFT_VERSION = 5.0;
				TARGETED_DEVICE_FAMILY = "1,2";
			};
			name = Debug;
		};
		D6610009253F336100E42061 /* Release */ = {
			isa = XCBuildConfiguration;
			baseConfigurationReference = 25A0FC3898770F646FA43D74 /* Pods-customLogin.release.xcconfig */;
			buildSettings = {
				ASSETCATALOG_COMPILER_APPICON_NAME = AppIcon;
				ASSETCATALOG_COMPILER_GLOBAL_ACCENT_COLOR_NAME = AccentColor;
				CODE_SIGN_STYLE = Automatic;
				DEVELOPMENT_TEAM = RNKYF793SX;
				INFOPLIST_FILE = customLogin/Info.plist;
				LD_RUNPATH_SEARCH_PATHS = (
					"$(inherited)",
					"@executable_path/Frameworks",
				);
				PRODUCT_BUNDLE_IDENTIFIER = com.midbyte.customLogin;
				PRODUCT_NAME = "$(TARGET_NAME)";
				SWIFT_VERSION = 5.0;
				TARGETED_DEVICE_FAMILY = "1,2";
			};
			name = Release;
		};
		D661000B253F336100E42061 /* Debug */ = {
			isa = XCBuildConfiguration;
			baseConfigurationReference = 17D57F5CF6332E6073BECB83 /* Pods-customLoginTests.debug.xcconfig */;
			buildSettings = {
				ALWAYS_EMBED_SWIFT_STANDARD_LIBRARIES = YES;
				BUNDLE_LOADER = "$(TEST_HOST)";
				CODE_SIGN_STYLE = Automatic;
				DEVELOPMENT_TEAM = RNKYF793SX;
				INFOPLIST_FILE = customLoginTests/Info.plist;
				IPHONEOS_DEPLOYMENT_TARGET = 14.0;
				LD_RUNPATH_SEARCH_PATHS = (
					"$(inherited)",
					"@executable_path/Frameworks",
					"@loader_path/Frameworks",
				);
				PRODUCT_BUNDLE_IDENTIFIER = com.midbyte.customLoginTests;
				PRODUCT_NAME = "$(TARGET_NAME)";
				SWIFT_VERSION = 5.0;
				TARGETED_DEVICE_FAMILY = "1,2";
				TEST_HOST = "$(BUILT_PRODUCTS_DIR)/customLogin.app/customLogin";
			};
			name = Debug;
		};
		D661000C253F336100E42061 /* Release */ = {
			isa = XCBuildConfiguration;
			baseConfigurationReference = E410554CB6A064505D87FF16 /* Pods-customLoginTests.release.xcconfig */;
			buildSettings = {
				ALWAYS_EMBED_SWIFT_STANDARD_LIBRARIES = YES;
				BUNDLE_LOADER = "$(TEST_HOST)";
				CODE_SIGN_STYLE = Automatic;
				DEVELOPMENT_TEAM = RNKYF793SX;
				INFOPLIST_FILE = customLoginTests/Info.plist;
				IPHONEOS_DEPLOYMENT_TARGET = 14.0;
				LD_RUNPATH_SEARCH_PATHS = (
					"$(inherited)",
					"@executable_path/Frameworks",
					"@loader_path/Frameworks",
				);
				PRODUCT_BUNDLE_IDENTIFIER = com.midbyte.customLoginTests;
				PRODUCT_NAME = "$(TARGET_NAME)";
				SWIFT_VERSION = 5.0;
				TARGETED_DEVICE_FAMILY = "1,2";
				TEST_HOST = "$(BUILT_PRODUCTS_DIR)/customLogin.app/customLogin";
			};
			name = Release;
		};
		D661000E253F336100E42061 /* Debug */ = {
			isa = XCBuildConfiguration;
			baseConfigurationReference = E121E2F5D092483DB65D3429 /* Pods-customLogin-customLoginUITests.debug.xcconfig */;
			buildSettings = {
				ALWAYS_EMBED_SWIFT_STANDARD_LIBRARIES = YES;
				CODE_SIGN_STYLE = Automatic;
				DEVELOPMENT_TEAM = RNKYF793SX;
				INFOPLIST_FILE = customLoginUITests/Info.plist;
				LD_RUNPATH_SEARCH_PATHS = (
					"$(inherited)",
					"@executable_path/Frameworks",
					"@loader_path/Frameworks",
				);
				PRODUCT_BUNDLE_IDENTIFIER = com.midbyte.customLoginUITests;
				PRODUCT_NAME = "$(TARGET_NAME)";
				SWIFT_VERSION = 5.0;
				TARGETED_DEVICE_FAMILY = "1,2";
				TEST_TARGET_NAME = customLogin;
			};
			name = Debug;
		};
		D661000F253F336100E42061 /* Release */ = {
			isa = XCBuildConfiguration;
			baseConfigurationReference = C6E75D7E6E6B18B56447031E /* Pods-customLogin-customLoginUITests.release.xcconfig */;
			buildSettings = {
				ALWAYS_EMBED_SWIFT_STANDARD_LIBRARIES = YES;
				CODE_SIGN_STYLE = Automatic;
				DEVELOPMENT_TEAM = RNKYF793SX;
				INFOPLIST_FILE = customLoginUITests/Info.plist;
				LD_RUNPATH_SEARCH_PATHS = (
					"$(inherited)",
					"@executable_path/Frameworks",
					"@loader_path/Frameworks",
				);
				PRODUCT_BUNDLE_IDENTIFIER = com.midbyte.customLoginUITests;
				PRODUCT_NAME = "$(TARGET_NAME)";
				SWIFT_VERSION = 5.0;
				TARGETED_DEVICE_FAMILY = "1,2";
				TEST_TARGET_NAME = customLogin;
			};
			name = Release;
		};
/* End XCBuildConfiguration section */

/* Begin XCConfigurationList section */
		D6610007253F336100E42061 /* Build configuration list for PBXNativeTarget "customLogin" */ = {
			isa = XCConfigurationList;
			buildConfigurations = (
				D6610008253F336100E42061 /* Debug */,
				D6610009253F336100E42061 /* Release */,
			);
			defaultConfigurationIsVisible = 0;
			defaultConfigurationName = Release;
		};
		D661000A253F336100E42061 /* Build configuration list for PBXNativeTarget "customLoginTests" */ = {
			isa = XCConfigurationList;
			buildConfigurations = (
				D661000B253F336100E42061 /* Debug */,
				D661000C253F336100E42061 /* Release */,
			);
			defaultConfigurationIsVisible = 0;
			defaultConfigurationName = Release;
		};
		D661000D253F336100E42061 /* Build configuration list for PBXNativeTarget "customLoginUITests" */ = {
			isa = XCConfigurationList;
			buildConfigurations = (
				D661000E253F336100E42061 /* Debug */,
				D661000F253F336100E42061 /* Release */,
			);
			defaultConfigurationIsVisible = 0;
			defaultConfigurationName = Release;
		};
		D661FFD8253F335700E42061 /* Build configuration list for PBXProject "customLogin" */ = {
			isa = XCConfigurationList;
			buildConfigurations = (
				D6610005253F336100E42061 /* Debug */,
				D6610006253F336100E42061 /* Release */,
			);
			defaultConfigurationIsVisible = 0;
			defaultConfigurationName = Release;
		};
/* End XCConfigurationList section */
	};
	rootObject = D661FFD5253F335700E42061 /* Project object */;
}
